// !$*UTF8*$!
{
	archiveVersion = 1;
	classes = {
	};
	objectVersion = 46;
	objects = {

/* Begin PBXBuildFile section */
		9D5200CE1650691000F3BF4E /* DefaultFonts.c in Sources */ = {isa = PBXBuildFile; fileRef = 9D5200C61650691000F3BF4E /* DefaultFonts.c */; };
		9D5200CF1650691000F3BF4E /* HW_AVR_defines.h in Sources */ = {isa = PBXBuildFile; fileRef = 9D5200C71650691000F3BF4E /* HW_AVR_defines.h */; };
		9D5200D01650691000F3BF4E /* HW_AVR.h in Sources */ = {isa = PBXBuildFile; fileRef = 9D5200C81650691000F3BF4E /* HW_AVR.h */; };
		9D5200D11650691000F3BF4E /* HW_PIC32_defines.h in Sources */ = {isa = PBXBuildFile; fileRef = 9D5200C91650691000F3BF4E /* HW_PIC32_defines.h */; };
		9D5200D21650691000F3BF4E /* HW_PIC32.h in Sources */ = {isa = PBXBuildFile; fileRef = 9D5200CA1650691000F3BF4E /* HW_PIC32.h */; };
		9D5200D31650691000F3BF4E /* memorysaver.h in Sources */ = {isa = PBXBuildFile; fileRef = 9D5200CB1650691000F3BF4E /* memorysaver.h */; };
		9D5200D41650691000F3BF4E /* UTFT.cpp in Sources */ = {isa = PBXBuildFile; fileRef = 9D5200CC1650691000F3BF4E /* UTFT.cpp */; };
		9D5200D51650691000F3BF4E /* UTFT.h in Sources */ = {isa = PBXBuildFile; fileRef = 9D5200CD1650691000F3BF4E /* UTFT.h */; };
		9D5201201650A17F00F3BF4E /* SPI.cpp in Sources */ = {isa = PBXBuildFile; fileRef = 9D52011E1650A17F00F3BF4E /* SPI.cpp */; };
		9D5201211650A17F00F3BF4E /* SPI.h in Sources */ = {isa = PBXBuildFile; fileRef = 9D52011F1650A17F00F3BF4E /* SPI.h */; };
		9D5201241653405100F3BF4E /* CorbGraphics.cpp in Sources */ = {isa = PBXBuildFile; fileRef = 9D5201221653405100F3BF4E /* CorbGraphics.cpp */; };
		9D52012B165341F100F3BF4E /* Adafruit_GFX.cpp in Sources */ = {isa = PBXBuildFile; fileRef = 9D520126165341F100F3BF4E /* Adafruit_GFX.cpp */; };
		9D52012C165341F100F3BF4E /* glcdfont.c in Sources */ = {isa = PBXBuildFile; fileRef = 9D520128165341F100F3BF4E /* glcdfont.c */; };
		9D77CBA91589994A0089EB0A /* main.cpp in Sources */ = {isa = PBXBuildFile; fileRef = 9D77CBA81589994A0089EB0A /* main.cpp */; };
		9D77CBAD1589994A0089EB0A /* LocalLibrary.cpp in Sources */ = {isa = PBXBuildFile; fileRef = 9D77CBAC1589994A0089EB0A /* LocalLibrary.cpp */; };
		9DCC753B1589A3A000564CB8 /* BMSDisplay.cpp in Sources */ = {isa = PBXBuildFile; fileRef = 9D77CBAA1589994A0089EB0A /* BMSDisplay.cpp */; };
		9DCC76971589A3D300564CB8 /* Adafruit_HX8340B.cpp in Sources */ = {isa = PBXBuildFile; fileRef = 9DCC75FE1589A3D300564CB8 /* Adafruit_HX8340B.cpp */; };
		9DCC76981589A3D300564CB8 /* Adafruit_MCP23017.cpp in Sources */ = {isa = PBXBuildFile; fileRef = 9DCC760A1589A3D300564CB8 /* Adafruit_MCP23017.cpp */; };
		9DCC76991589A3D300564CB8 /* Adafruit_MCP23017.cpp in Sources */ = {isa = PBXBuildFile; fileRef = 9DCC76151589A3D300564CB8 /* Adafruit_MCP23017.cpp */; };
		9DCC769A1589A3D300564CB8 /* Adafruit_RGBLCDShield.cpp in Sources */ = {isa = PBXBuildFile; fileRef = 9DCC76171589A3D300564CB8 /* Adafruit_RGBLCDShield.cpp */; };
		9DCC769B1589A3D300564CB8 /* Canbus.cpp in Sources */ = {isa = PBXBuildFile; fileRef = 9DCC76201589A3D300564CB8 /* Canbus.cpp */; };
		9DCC769C1589A3D300564CB8 /* mcp2515.c in Sources */ = {isa = PBXBuildFile; fileRef = 9DCC76281589A3D300564CB8 /* mcp2515.c */; };
		9DCC769D1589A3D300564CB8 /* main.c in Sources */ = {isa = PBXBuildFile; fileRef = 9DCC762E1589A3D300564CB8 /* main.c */; };
		9DCC76A01589A3D300564CB8 /* uart.c in Sources */ = {isa = PBXBuildFile; fileRef = 9DCC76331589A3D300564CB8 /* uart.c */; };
		9DCC76A11589A3D300564CB8 /* Menu.cpp in Sources */ = {isa = PBXBuildFile; fileRef = 9DCC763E1589A3D300564CB8 /* Menu.cpp */; };
		9DCC76A21589A3D300564CB8 /* MenuItem.cpp in Sources */ = {isa = PBXBuildFile; fileRef = 9DCC76401589A3D300564CB8 /* MenuItem.cpp */; };
		9DCC76A31589A3D300564CB8 /* SubMenu.cpp in Sources */ = {isa = PBXBuildFile; fileRef = 9DCC76421589A3D300564CB8 /* SubMenu.cpp */; };
		9DCC76A41589A3D300564CB8 /* SubMenuItem.cpp in Sources */ = {isa = PBXBuildFile; fileRef = 9DCC76441589A3D300564CB8 /* SubMenuItem.cpp */; };
		9DCC76A51589A3D300564CB8 /* RTClib.cpp in Sources */ = {isa = PBXBuildFile; fileRef = 9DCC764F1589A3D300564CB8 /* RTClib.cpp */; };
		9DCC76A61589A3D300564CB8 /* File.cpp in Sources */ = {isa = PBXBuildFile; fileRef = 9DCC765D1589A3D300564CB8 /* File.cpp */; };
		9DCC76A71589A3D300564CB8 /* SD.cpp in Sources */ = {isa = PBXBuildFile; fileRef = 9DCC76601589A3D300564CB8 /* SD.cpp */; };
		9DCC76A81589A3D300564CB8 /* Sd2Card.cpp in Sources */ = {isa = PBXBuildFile; fileRef = 9DCC76641589A3D300564CB8 /* Sd2Card.cpp */; };
		9DCC76A91589A3D300564CB8 /* SdFile.cpp in Sources */ = {isa = PBXBuildFile; fileRef = 9DCC766A1589A3D300564CB8 /* SdFile.cpp */; };
		9DCC76AA1589A3D300564CB8 /* SdVolume.cpp in Sources */ = {isa = PBXBuildFile; fileRef = 9DCC766C1589A3D300564CB8 /* SdVolume.cpp */; };
		9DCC76AB1589A3D300564CB8 /* DS1307RTC.cpp in Sources */ = {isa = PBXBuildFile; fileRef = 9DCC766F1589A3D300564CB8 /* DS1307RTC.cpp */; };
		9DCC76AC1589A3D300564CB8 /* DateStrings.cpp in Sources */ = {isa = PBXBuildFile; fileRef = 9DCC76751589A3D300564CB8 /* DateStrings.cpp */; };
		9DCC76AD1589A3D300564CB8 /* Time.cpp in Sources */ = {isa = PBXBuildFile; fileRef = 9DCC768B1589A3D300564CB8 /* Time.cpp */; };
		9DCC76AE1589A3D300564CB8 /* TimeAlarms.cpp in Sources */ = {isa = PBXBuildFile; fileRef = 9DCC76931589A3D300564CB8 /* TimeAlarms.cpp */; };
		9DCC76B01589A40100564CB8 /* SD.h in Sources */ = {isa = PBXBuildFile; fileRef = 9DCC76611589A3D300564CB8 /* SD.h */; };
		9DCC76B11589A40100564CB8 /* FatStructs.h in Sources */ = {isa = PBXBuildFile; fileRef = 9DCC76631589A3D300564CB8 /* FatStructs.h */; };
		9DCC76B21589A40100564CB8 /* Sd2Card.h in Sources */ = {isa = PBXBuildFile; fileRef = 9DCC76651589A3D300564CB8 /* Sd2Card.h */; };
		9DCC76B31589A40100564CB8 /* Sd2PinMap.h in Sources */ = {isa = PBXBuildFile; fileRef = 9DCC76661589A3D300564CB8 /* Sd2PinMap.h */; };
		9DCC76B41589A40100564CB8 /* SdFat.h in Sources */ = {isa = PBXBuildFile; fileRef = 9DCC76671589A3D300564CB8 /* SdFat.h */; };
		9DCC76B51589A40100564CB8 /* SdFatmainpage.h in Sources */ = {isa = PBXBuildFile; fileRef = 9DCC76681589A3D300564CB8 /* SdFatmainpage.h */; };
		9DCC76B61589A40100564CB8 /* SdFatUtil.h in Sources */ = {isa = PBXBuildFile; fileRef = 9DCC76691589A3D300564CB8 /* SdFatUtil.h */; };
		9DCC76B71589A40100564CB8 /* SdInfo.h in Sources */ = {isa = PBXBuildFile; fileRef = 9DCC766B1589A3D300564CB8 /* SdInfo.h */; };
		9DCC76B81589A41000564CB8 /* Canbus.h in Sources */ = {isa = PBXBuildFile; fileRef = 9DCC76211589A3D300564CB8 /* Canbus.h */; };
/* End PBXBuildFile section */

/* Begin PBXFileReference section */
		9D5200B7164DB6CB00F3BF4E /* Arduino Leonardo.xcconfig */ = {isa = PBXFileReference; lastKnownFileType = text.xcconfig; name = "Arduino Leonardo.xcconfig"; path = "Config/Arduino Leonardo.xcconfig"; sourceTree = "<group>"; };
		9D5200C61650691000F3BF4E /* DefaultFonts.c */ = {isa = PBXFileReference; lastKnownFileType = sourcecode.c.c; name = DefaultFonts.c; path = ../../../Documents/Arduino/Libraries/UTFT/DefaultFonts.c; sourceTree = "<group>"; };
		9D5200C71650691000F3BF4E /* HW_AVR_defines.h */ = {isa = PBXFileReference; lastKnownFileType = sourcecode.c.h; name = HW_AVR_defines.h; path = ../../../Documents/Arduino/Libraries/UTFT/HW_AVR_defines.h; sourceTree = "<group>"; };
		9D5200C81650691000F3BF4E /* HW_AVR.h */ = {isa = PBXFileReference; lastKnownFileType = sourcecode.c.h; name = HW_AVR.h; path = ../../../Documents/Arduino/Libraries/UTFT/HW_AVR.h; sourceTree = "<group>"; };
		9D5200C91650691000F3BF4E /* HW_PIC32_defines.h */ = {isa = PBXFileReference; lastKnownFileType = sourcecode.c.h; name = HW_PIC32_defines.h; path = ../../../Documents/Arduino/Libraries/UTFT/HW_PIC32_defines.h; sourceTree = "<group>"; };
		9D5200CA1650691000F3BF4E /* HW_PIC32.h */ = {isa = PBXFileReference; lastKnownFileType = sourcecode.c.h; name = HW_PIC32.h; path = ../../../Documents/Arduino/Libraries/UTFT/HW_PIC32.h; sourceTree = "<group>"; };
		9D5200CB1650691000F3BF4E /* memorysaver.h */ = {isa = PBXFileReference; lastKnownFileType = sourcecode.c.h; name = memorysaver.h; path = ../../../Documents/Arduino/Libraries/UTFT/memorysaver.h; sourceTree = "<group>"; };
		9D5200CC1650691000F3BF4E /* UTFT.cpp */ = {isa = PBXFileReference; lastKnownFileType = sourcecode.cpp.cpp; name = UTFT.cpp; path = ../../../Documents/Arduino/Libraries/UTFT/UTFT.cpp; sourceTree = "<group>"; };
		9D5200CD1650691000F3BF4E /* UTFT.h */ = {isa = PBXFileReference; lastKnownFileType = sourcecode.c.h; name = UTFT.h; path = ../../../Documents/Arduino/Libraries/UTFT/UTFT.h; sourceTree = "<group>"; };
		9D52011E1650A17F00F3BF4E /* SPI.cpp */ = {isa = PBXFileReference; lastKnownFileType = sourcecode.cpp.cpp; name = SPI.cpp; path = ../../../../Applications/Arduino.app/Contents/Resources/Java/libraries/SPI/SPI.cpp; sourceTree = "<group>"; };
		9D52011F1650A17F00F3BF4E /* SPI.h */ = {isa = PBXFileReference; lastKnownFileType = sourcecode.c.h; name = SPI.h; path = ../../../../Applications/Arduino.app/Contents/Resources/Java/libraries/SPI/SPI.h; sourceTree = "<group>"; };
		9D5201221653405100F3BF4E /* CorbGraphics.cpp */ = {isa = PBXFileReference; fileEncoding = 4; lastKnownFileType = sourcecode.cpp.cpp; name = CorbGraphics.cpp; path = ../../../../Documents/Arduino/Libraries/CorbGraphics/CorbGraphics.cpp; sourceTree = "<group>"; };
		9D5201231653405100F3BF4E /* CorbGraphics.h */ = {isa = PBXFileReference; fileEncoding = 4; lastKnownFileType = sourcecode.c.h; name = CorbGraphics.h; path = ../../../../Documents/Arduino/Libraries/CorbGraphics/CorbGraphics.h; sourceTree = "<group>"; };
		9D520126165341F100F3BF4E /* Adafruit_GFX.cpp */ = {isa = PBXFileReference; fileEncoding = 4; lastKnownFileType = sourcecode.cpp.cpp; path = Adafruit_GFX.cpp; sourceTree = "<group>"; };
		9D520127165341F100F3BF4E /* Adafruit_GFX.h */ = {isa = PBXFileReference; fileEncoding = 4; lastKnownFileType = sourcecode.c.h; path = Adafruit_GFX.h; sourceTree = "<group>"; };
		9D520128165341F100F3BF4E /* glcdfont.c */ = {isa = PBXFileReference; fileEncoding = 4; lastKnownFileType = sourcecode.c.c; path = glcdfont.c; sourceTree = "<group>"; };
		9D520129165341F100F3BF4E /* license.txt */ = {isa = PBXFileReference; fileEncoding = 4; lastKnownFileType = text; path = license.txt; sourceTree = "<group>"; };
		9D52012A165341F100F3BF4E /* README.txt */ = {isa = PBXFileReference; fileEncoding = 4; lastKnownFileType = text; path = README.txt; sourceTree = "<group>"; };
		9D77CB9D1589994A0089EB0A /* Index */ = {isa = PBXFileReference; explicitFileType = "compiled.mach-o.executable"; includeInIndex = 0; path = Index; sourceTree = BUILT_PRODUCTS_DIR; };
		9D77CBA81589994A0089EB0A /* main.cpp */ = {isa = PBXFileReference; lastKnownFileType = sourcecode.cpp.cpp; path = main.cpp; sourceTree = "<group>"; };
		9D77CBAA1589994A0089EB0A /* BMSDisplay.cpp */ = {isa = PBXFileReference; lastKnownFileType = sourcecode.cpp.cpp; path = BMSDisplay.cpp; sourceTree = "<group>"; };
		9D77CBAB1589994A0089EB0A /* LocalLibrary.h */ = {isa = PBXFileReference; lastKnownFileType = sourcecode.c.h; path = LocalLibrary.h; sourceTree = "<group>"; };
		9D77CBAC1589994A0089EB0A /* LocalLibrary.cpp */ = {isa = PBXFileReference; lastKnownFileType = sourcecode.cpp.cpp; path = LocalLibrary.cpp; sourceTree = "<group>"; };
		9D77CDD31589994B0089EB0A /* Arduino mega2560.xcconfig */ = {isa = PBXFileReference; lastKnownFileType = text.xcconfig; name = "Arduino mega2560.xcconfig"; path = "Config/Arduino mega2560.xcconfig"; sourceTree = "<group>"; };
		9D77CDD41589994B0089EB0A /* Arduino mini pro.xcconfig */ = {isa = PBXFileReference; lastKnownFileType = text.xcconfig; name = "Arduino mini pro.xcconfig"; path = "Config/Arduino mini pro.xcconfig"; sourceTree = "<group>"; };
		9D77CDD51589994B0089EB0A /* Arduino UNO.xcconfig */ = {isa = PBXFileReference; lastKnownFileType = text.xcconfig; name = "Arduino UNO.xcconfig"; path = "Config/Arduino UNO.xcconfig"; sourceTree = "<group>"; };
		9D77CDD61589994B0089EB0A /* chipKIT UNO32.xcconfig */ = {isa = PBXFileReference; lastKnownFileType = text.xcconfig; name = "chipKIT UNO32.xcconfig"; path = "Config/chipKIT UNO32.xcconfig"; sourceTree = "<group>"; };
		9D77CDD71589994B0089EB0A /* LaunchPad with msp430g2231.xcconfig */ = {isa = PBXFileReference; lastKnownFileType = text.xcconfig; name = "LaunchPad with msp430g2231.xcconfig"; path = "Config/LaunchPad with msp430g2231.xcconfig"; sourceTree = "<group>"; };
		9D77CDD81589994B0089EB0A /* LaunchPad with msp430g2452.xcconfig */ = {isa = PBXFileReference; lastKnownFileType = text.xcconfig; name = "LaunchPad with msp430g2452.xcconfig"; path = "Config/LaunchPad with msp430g2452.xcconfig"; sourceTree = "<group>"; };
		9D77CDD91589994B0089EB0A /* LaunchPad with msp430g2553.xcconfig */ = {isa = PBXFileReference; lastKnownFileType = text.xcconfig; name = "LaunchPad with msp430g2553.xcconfig"; path = "Config/LaunchPad with msp430g2553.xcconfig"; sourceTree = "<group>"; };
		9D77CDDA1589994B0089EB0A /* Sparkfun UNO.xcconfig */ = {isa = PBXFileReference; lastKnownFileType = text.xcconfig; name = "Sparkfun UNO.xcconfig"; path = "Config/Sparkfun UNO.xcconfig"; sourceTree = "<group>"; };
		9D77CDDB1589994B0089EB0A /* Wiring S.xcconfig */ = {isa = PBXFileReference; lastKnownFileType = text.xcconfig; name = "Wiring S.xcconfig"; path = "Config/Wiring S.xcconfig"; sourceTree = "<group>"; };
		9D77CDDC1589994B0089EB0A /* Makefile */ = {isa = PBXFileReference; lastKnownFileType = sourcecode.make; path = Makefile; sourceTree = "<group>"; };
		9D77CDDE1589994B0089EB0A /* Step1.mk */ = {isa = PBXFileReference; lastKnownFileType = text; name = Step1.mk; path = Makefiles/Step1.mk; sourceTree = "<group>"; };
		9D77CDDF1589994B0089EB0A /* Step2.mk */ = {isa = PBXFileReference; lastKnownFileType = text; name = Step2.mk; path = Makefiles/Step2.mk; sourceTree = "<group>"; };
		9D77CDE01589994B0089EB0A /* Arduino.mk */ = {isa = PBXFileReference; lastKnownFileType = text; name = Arduino.mk; path = Makefiles/Arduino.mk; sourceTree = "<group>"; };
		9D77CDE11589994B0089EB0A /* Arduino1.mk */ = {isa = PBXFileReference; lastKnownFileType = text; name = Arduino1.mk; path = Makefiles/Arduino1.mk; sourceTree = "<group>"; };
		9D77CDE21589994B0089EB0A /* Arduino23.mk */ = {isa = PBXFileReference; lastKnownFileType = text; name = Arduino23.mk; path = Makefiles/Arduino23.mk; sourceTree = "<group>"; };
		9D77CDE31589994B0089EB0A /* Energia.mk */ = {isa = PBXFileReference; lastKnownFileType = text; name = Energia.mk; path = Makefiles/Energia.mk; sourceTree = "<group>"; };
		9D77CDE41589994B0089EB0A /* Mpide.mk */ = {isa = PBXFileReference; lastKnownFileType = text; name = Mpide.mk; path = Makefiles/Mpide.mk; sourceTree = "<group>"; };
		9D77CDE51589994B0089EB0A /* Wiring.mk */ = {isa = PBXFileReference; lastKnownFileType = text; name = Wiring.mk; path = Makefiles/Wiring.mk; sourceTree = "<group>"; };
		9D77CDE61589994B0089EB0A /* Avrdude.mk */ = {isa = PBXFileReference; lastKnownFileType = text; name = Avrdude.mk; path = Makefiles/Avrdude.mk; sourceTree = "<group>"; };
		9DCC75FE1589A3D300564CB8 /* Adafruit_HX8340B.cpp */ = {isa = PBXFileReference; fileEncoding = 4; lastKnownFileType = sourcecode.cpp.cpp; path = Adafruit_HX8340B.cpp; sourceTree = "<group>"; };
		9DCC75FF1589A3D300564CB8 /* Adafruit_HX8340B.h */ = {isa = PBXFileReference; fileEncoding = 4; lastKnownFileType = sourcecode.c.h; path = Adafruit_HX8340B.h; sourceTree = "<group>"; };
		9DCC76021589A3D300564CB8 /* hx8340b.pde */ = {isa = PBXFileReference; fileEncoding = 4; lastKnownFileType = text; path = hx8340b.pde; sourceTree = "<group>"; };
		9DCC76041589A3D300564CB8 /* hx8340bmp.pde */ = {isa = PBXFileReference; fileEncoding = 4; lastKnownFileType = text; path = hx8340bmp.pde; sourceTree = "<group>"; };
		9DCC76051589A3D300564CB8 /* lilypad.bmp */ = {isa = PBXFileReference; lastKnownFileType = image.bmp; path = lilypad.bmp; sourceTree = "<group>"; };
		9DCC76061589A3D300564CB8 /* rose.bmp */ = {isa = PBXFileReference; lastKnownFileType = image.bmp; path = rose.bmp; sourceTree = "<group>"; };
		9DCC76071589A3D300564CB8 /* license.txt */ = {isa = PBXFileReference; fileEncoding = 4; lastKnownFileType = text; path = license.txt; sourceTree = "<group>"; };
		9DCC76081589A3D300564CB8 /* README.txt */ = {isa = PBXFileReference; fileEncoding = 4; lastKnownFileType = text; path = README.txt; sourceTree = "<group>"; };
		9DCC760A1589A3D300564CB8 /* Adafruit_MCP23017.cpp */ = {isa = PBXFileReference; fileEncoding = 4; lastKnownFileType = sourcecode.cpp.cpp; path = Adafruit_MCP23017.cpp; sourceTree = "<group>"; };
		9DCC760B1589A3D300564CB8 /* Adafruit_MCP23017.h */ = {isa = PBXFileReference; fileEncoding = 4; lastKnownFileType = sourcecode.c.h; path = Adafruit_MCP23017.h; sourceTree = "<group>"; };
		9DCC760E1589A3D300564CB8 /* button.pde */ = {isa = PBXFileReference; fileEncoding = 4; lastKnownFileType = text; path = button.pde; sourceTree = "<group>"; };
		9DCC76101589A3D300564CB8 /* toggle.pde */ = {isa = PBXFileReference; fileEncoding = 4; lastKnownFileType = text; path = toggle.pde; sourceTree = "<group>"; };
		9DCC76111589A3D300564CB8 /* keywords.txt */ = {isa = PBXFileReference; fileEncoding = 4; lastKnownFileType = text; path = keywords.txt; sourceTree = "<group>"; };
		9DCC76121589A3D300564CB8 /* license.txt */ = {isa = PBXFileReference; fileEncoding = 4; lastKnownFileType = text; path = license.txt; sourceTree = "<group>"; };
		9DCC76131589A3D300564CB8 /* README.txt */ = {isa = PBXFileReference; fileEncoding = 4; lastKnownFileType = text; path = README.txt; sourceTree = "<group>"; };
		9DCC76151589A3D300564CB8 /* Adafruit_MCP23017.cpp */ = {isa = PBXFileReference; fileEncoding = 4; lastKnownFileType = sourcecode.cpp.cpp; path = Adafruit_MCP23017.cpp; sourceTree = "<group>"; };
		9DCC76161589A3D300564CB8 /* Adafruit_MCP23017.h */ = {isa = PBXFileReference; fileEncoding = 4; lastKnownFileType = sourcecode.c.h; path = Adafruit_MCP23017.h; sourceTree = "<group>"; };
		9DCC76171589A3D300564CB8 /* Adafruit_RGBLCDShield.cpp */ = {isa = PBXFileReference; fileEncoding = 4; lastKnownFileType = sourcecode.cpp.cpp; path = Adafruit_RGBLCDShield.cpp; sourceTree = "<group>"; };
		9DCC76181589A3D300564CB8 /* Adafruit_RGBLCDShield.h */ = {isa = PBXFileReference; fileEncoding = 4; lastKnownFileType = sourcecode.c.h; path = Adafruit_RGBLCDShield.h; sourceTree = "<group>"; };
		9DCC761B1589A3D300564CB8 /* HelloWorld.pde */ = {isa = PBXFileReference; fileEncoding = 4; lastKnownFileType = text; path = HelloWorld.pde; sourceTree = "<group>"; };
		9DCC761C1589A3D300564CB8 /* keywords.txt */ = {isa = PBXFileReference; fileEncoding = 4; lastKnownFileType = text; path = keywords.txt; sourceTree = "<group>"; };
		9DCC761D1589A3D300564CB8 /* license.txt */ = {isa = PBXFileReference; fileEncoding = 4; lastKnownFileType = text; path = license.txt; sourceTree = "<group>"; };
		9DCC761E1589A3D300564CB8 /* README.md */ = {isa = PBXFileReference; fileEncoding = 4; lastKnownFileType = text; path = README.md; sourceTree = "<group>"; };
		9DCC76201589A3D300564CB8 /* Canbus.cpp */ = {isa = PBXFileReference; fileEncoding = 4; lastKnownFileType = sourcecode.cpp.cpp; path = Canbus.cpp; sourceTree = "<group>"; };
		9DCC76211589A3D300564CB8 /* Canbus.h */ = {isa = PBXFileReference; fileEncoding = 4; lastKnownFileType = sourcecode.c.h; path = Canbus.h; sourceTree = "<group>"; };
		9DCC76221589A3D300564CB8 /* defaults.h */ = {isa = PBXFileReference; fileEncoding = 4; lastKnownFileType = sourcecode.c.h; path = defaults.h; sourceTree = "<group>"; };
		9DCC76251589A3D300564CB8 /* ecu_reader_logger.ino */ = {isa = PBXFileReference; fileEncoding = 4; lastKnownFileType = text; path = ecu_reader_logger.ino; sourceTree = "<group>"; };
		9DCC76261589A3D300564CB8 /* global.h */ = {isa = PBXFileReference; fileEncoding = 4; lastKnownFileType = sourcecode.c.h; path = global.h; sourceTree = "<group>"; };
		9DCC76271589A3D300564CB8 /* keywords.txt */ = {isa = PBXFileReference; fileEncoding = 4; lastKnownFileType = text; path = keywords.txt; sourceTree = "<group>"; };
		9DCC76281589A3D300564CB8 /* mcp2515.c */ = {isa = PBXFileReference; fileEncoding = 4; lastKnownFileType = sourcecode.c.c; path = mcp2515.c; sourceTree = "<group>"; };
		9DCC76291589A3D300564CB8 /* mcp2515.h */ = {isa = PBXFileReference; fileEncoding = 4; lastKnownFileType = sourcecode.c.h; path = mcp2515.h; sourceTree = "<group>"; };
		9DCC762A1589A3D300564CB8 /* mcp2515_defs.h */ = {isa = PBXFileReference; fileEncoding = 4; lastKnownFileType = sourcecode.c.h; path = mcp2515_defs.h; sourceTree = "<group>"; };
		9DCC762C1589A3D300564CB8 /* defaults.h */ = {isa = PBXFileReference; fileEncoding = 4; lastKnownFileType = sourcecode.c.h; path = defaults.h; sourceTree = "<group>"; };
		9DCC762D1589A3D300564CB8 /* global.h */ = {isa = PBXFileReference; fileEncoding = 4; lastKnownFileType = sourcecode.c.h; path = global.h; sourceTree = "<group>"; };
		9DCC762E1589A3D300564CB8 /* main.c */ = {isa = PBXFileReference; fileEncoding = 4; lastKnownFileType = sourcecode.c.c; path = main.c; sourceTree = "<group>"; };
		9DCC762F1589A3D300564CB8 /* makefile */ = {isa = PBXFileReference; fileEncoding = 4; lastKnownFileType = sourcecode.make; path = makefile; sourceTree = "<group>"; };
		9DCC76301589A3D300564CB8 /* mcp2515.c */ = {isa = PBXFileReference; fileEncoding = 4; lastKnownFileType = sourcecode.c.c; path = mcp2515.c; sourceTree = "<group>"; };
		9DCC76311589A3D300564CB8 /* mcp2515.h */ = {isa = PBXFileReference; fileEncoding = 4; lastKnownFileType = sourcecode.c.h; path = mcp2515.h; sourceTree = "<group>"; };
		9DCC76321589A3D300564CB8 /* mcp2515_defs.h */ = {isa = PBXFileReference; fileEncoding = 4; lastKnownFileType = sourcecode.c.h; path = mcp2515_defs.h; sourceTree = "<group>"; };
		9DCC76331589A3D300564CB8 /* uart.c */ = {isa = PBXFileReference; fileEncoding = 4; lastKnownFileType = sourcecode.c.c; path = uart.c; sourceTree = "<group>"; };
		9DCC76341589A3D300564CB8 /* uart.h */ = {isa = PBXFileReference; fileEncoding = 4; lastKnownFileType = sourcecode.c.h; path = uart.h; sourceTree = "<group>"; };
		9DCC76381589A3D300564CB8 /* SerialMenu.pde */ = {isa = PBXFileReference; fileEncoding = 4; lastKnownFileType = text; path = SerialMenu.pde; sourceTree = "<group>"; };
		9DCC763A1589A3D300564CB8 /* MenuInterface.h */ = {isa = PBXFileReference; fileEncoding = 4; lastKnownFileType = sourcecode.c.h; path = MenuInterface.h; sourceTree = "<group>"; };
		9DCC763B1589A3D300564CB8 /* MenuItemInterface.h */ = {isa = PBXFileReference; fileEncoding = 4; lastKnownFileType = sourcecode.c.h; path = MenuItemInterface.h; sourceTree = "<group>"; };
		9DCC763C1589A3D300564CB8 /* SubMenuInterface.h */ = {isa = PBXFileReference; fileEncoding = 4; lastKnownFileType = sourcecode.c.h; path = SubMenuInterface.h; sourceTree = "<group>"; };
		9DCC763D1589A3D300564CB8 /* keywords.txt */ = {isa = PBXFileReference; fileEncoding = 4; lastKnownFileType = text; path = keywords.txt; sourceTree = "<group>"; };
		9DCC763E1589A3D300564CB8 /* Menu.cpp */ = {isa = PBXFileReference; fileEncoding = 4; lastKnownFileType = sourcecode.cpp.cpp; path = Menu.cpp; sourceTree = "<group>"; };
		9DCC763F1589A3D300564CB8 /* Menu.h */ = {isa = PBXFileReference; fileEncoding = 4; lastKnownFileType = sourcecode.c.h; path = Menu.h; sourceTree = "<group>"; };
		9DCC76401589A3D300564CB8 /* MenuItem.cpp */ = {isa = PBXFileReference; fileEncoding = 4; lastKnownFileType = sourcecode.cpp.cpp; path = MenuItem.cpp; sourceTree = "<group>"; };
		9DCC76411589A3D300564CB8 /* MenuItem.h */ = {isa = PBXFileReference; fileEncoding = 4; lastKnownFileType = sourcecode.c.h; path = MenuItem.h; sourceTree = "<group>"; };
		9DCC76421589A3D300564CB8 /* SubMenu.cpp */ = {isa = PBXFileReference; fileEncoding = 4; lastKnownFileType = sourcecode.cpp.cpp; path = SubMenu.cpp; sourceTree = "<group>"; };
		9DCC76431589A3D300564CB8 /* SubMenu.h */ = {isa = PBXFileReference; fileEncoding = 4; lastKnownFileType = sourcecode.c.h; path = SubMenu.h; sourceTree = "<group>"; };
		9DCC76441589A3D300564CB8 /* SubMenuItem.cpp */ = {isa = PBXFileReference; fileEncoding = 4; lastKnownFileType = sourcecode.cpp.cpp; path = SubMenuItem.cpp; sourceTree = "<group>"; };
		9DCC76451589A3D300564CB8 /* SubMenuItem.h */ = {isa = PBXFileReference; fileEncoding = 4; lastKnownFileType = sourcecode.c.h; path = SubMenuItem.h; sourceTree = "<group>"; };
		9DCC76491589A3D300564CB8 /* datecalc.pde */ = {isa = PBXFileReference; fileEncoding = 4; lastKnownFileType = text; path = datecalc.pde; sourceTree = "<group>"; };
		9DCC764B1589A3D300564CB8 /* ds1307.pde */ = {isa = PBXFileReference; fileEncoding = 4; lastKnownFileType = text; path = ds1307.pde; sourceTree = "<group>"; };
		9DCC764D1589A3D300564CB8 /* softrtc.pde */ = {isa = PBXFileReference; fileEncoding = 4; lastKnownFileType = text; path = softrtc.pde; sourceTree = "<group>"; };
		9DCC764E1589A3D300564CB8 /* keywords.txt */ = {isa = PBXFileReference; fileEncoding = 4; lastKnownFileType = text; path = keywords.txt; sourceTree = "<group>"; };
		9DCC764F1589A3D300564CB8 /* RTClib.cpp */ = {isa = PBXFileReference; fileEncoding = 4; lastKnownFileType = sourcecode.cpp.cpp; path = RTClib.cpp; sourceTree = "<group>"; };
		9DCC76501589A3D300564CB8 /* RTClib.h */ = {isa = PBXFileReference; fileEncoding = 4; lastKnownFileType = sourcecode.c.h; path = RTClib.h; sourceTree = "<group>"; };
		9DCC76541589A3D300564CB8 /* CardInfo.pde */ = {isa = PBXFileReference; fileEncoding = 4; lastKnownFileType = text; path = CardInfo.pde; sourceTree = "<group>"; };
		9DCC76561589A3D300564CB8 /* Datalogger.pde */ = {isa = PBXFileReference; fileEncoding = 4; lastKnownFileType = text; path = Datalogger.pde; sourceTree = "<group>"; };
		9DCC76581589A3D300564CB8 /* Files.pde */ = {isa = PBXFileReference; fileEncoding = 4; lastKnownFileType = text; path = Files.pde; sourceTree = "<group>"; };
		9DCC765A1589A3D300564CB8 /* listfiles.pde */ = {isa = PBXFileReference; fileEncoding = 4; lastKnownFileType = text; path = listfiles.pde; sourceTree = "<group>"; };
		9DCC765C1589A3D300564CB8 /* ReadWrite.pde */ = {isa = PBXFileReference; fileEncoding = 4; lastKnownFileType = text; path = ReadWrite.pde; sourceTree = "<group>"; };
		9DCC765D1589A3D300564CB8 /* File.cpp */ = {isa = PBXFileReference; fileEncoding = 4; lastKnownFileType = sourcecode.cpp.cpp; path = File.cpp; sourceTree = "<group>"; };
		9DCC765E1589A3D300564CB8 /* keywords.txt */ = {isa = PBXFileReference; fileEncoding = 4; lastKnownFileType = text; path = keywords.txt; sourceTree = "<group>"; };
		9DCC765F1589A3D300564CB8 /* README.txt */ = {isa = PBXFileReference; fileEncoding = 4; lastKnownFileType = text; path = README.txt; sourceTree = "<group>"; };
		9DCC76601589A3D300564CB8 /* SD.cpp */ = {isa = PBXFileReference; fileEncoding = 4; lastKnownFileType = sourcecode.cpp.cpp; path = SD.cpp; sourceTree = "<group>"; };
		9DCC76611589A3D300564CB8 /* SD.h */ = {isa = PBXFileReference; fileEncoding = 4; lastKnownFileType = sourcecode.c.h; path = SD.h; sourceTree = "<group>"; };
		9DCC76631589A3D300564CB8 /* FatStructs.h */ = {isa = PBXFileReference; fileEncoding = 4; lastKnownFileType = sourcecode.c.h; path = FatStructs.h; sourceTree = "<group>"; };
		9DCC76641589A3D300564CB8 /* Sd2Card.cpp */ = {isa = PBXFileReference; fileEncoding = 4; lastKnownFileType = sourcecode.cpp.cpp; path = Sd2Card.cpp; sourceTree = "<group>"; };
		9DCC76651589A3D300564CB8 /* Sd2Card.h */ = {isa = PBXFileReference; fileEncoding = 4; lastKnownFileType = sourcecode.c.h; path = Sd2Card.h; sourceTree = "<group>"; };
		9DCC76661589A3D300564CB8 /* Sd2PinMap.h */ = {isa = PBXFileReference; fileEncoding = 4; lastKnownFileType = sourcecode.c.h; path = Sd2PinMap.h; sourceTree = "<group>"; };
		9DCC76671589A3D300564CB8 /* SdFat.h */ = {isa = PBXFileReference; fileEncoding = 4; lastKnownFileType = sourcecode.c.h; path = SdFat.h; sourceTree = "<group>"; };
		9DCC76681589A3D300564CB8 /* SdFatmainpage.h */ = {isa = PBXFileReference; fileEncoding = 4; lastKnownFileType = sourcecode.c.h; path = SdFatmainpage.h; sourceTree = "<group>"; };
		9DCC76691589A3D300564CB8 /* SdFatUtil.h */ = {isa = PBXFileReference; fileEncoding = 4; lastKnownFileType = sourcecode.c.h; path = SdFatUtil.h; sourceTree = "<group>"; };
		9DCC766A1589A3D300564CB8 /* SdFile.cpp */ = {isa = PBXFileReference; fileEncoding = 4; lastKnownFileType = sourcecode.cpp.cpp; path = SdFile.cpp; sourceTree = "<group>"; };
		9DCC766B1589A3D300564CB8 /* SdInfo.h */ = {isa = PBXFileReference; fileEncoding = 4; lastKnownFileType = sourcecode.c.h; path = SdInfo.h; sourceTree = "<group>"; };
		9DCC766C1589A3D300564CB8 /* SdVolume.cpp */ = {isa = PBXFileReference; fileEncoding = 4; lastKnownFileType = sourcecode.cpp.cpp; path = SdVolume.cpp; sourceTree = "<group>"; };
		9DCC766F1589A3D300564CB8 /* DS1307RTC.cpp */ = {isa = PBXFileReference; fileEncoding = 4; lastKnownFileType = sourcecode.cpp.cpp; path = DS1307RTC.cpp; sourceTree = "<group>"; };
		9DCC76701589A3D300564CB8 /* DS1307RTC.h */ = {isa = PBXFileReference; fileEncoding = 4; lastKnownFileType = sourcecode.c.h; path = DS1307RTC.h; sourceTree = "<group>"; };
		9DCC76711589A3D300564CB8 /* keywords.txt */ = {isa = PBXFileReference; fileEncoding = 4; lastKnownFileType = text; path = keywords.txt; sourceTree = "<group>"; };
		9DCC76721589A3D300564CB8 /* readme.txt */ = {isa = PBXFileReference; fileEncoding = 4; lastKnownFileType = text; path = readme.txt; sourceTree = "<group>"; };
		9DCC76731589A3D300564CB8 /* release_notes.txt */ = {isa = PBXFileReference; fileEncoding = 4; lastKnownFileType = text; path = release_notes.txt; sourceTree = "<group>"; };
		9DCC76751589A3D300564CB8 /* DateStrings.cpp */ = {isa = PBXFileReference; fileEncoding = 4; lastKnownFileType = sourcecode.cpp.cpp; path = DateStrings.cpp; sourceTree = "<group>"; };
		9DCC76791589A3D300564CB8 /* readme.txt */ = {isa = PBXFileReference; fileEncoding = 4; lastKnownFileType = text; path = readme.txt; sourceTree = "<group>"; };
		9DCC767A1589A3D300564CB8 /* SyncArduinoClock.pde */ = {isa = PBXFileReference; fileEncoding = 4; lastKnownFileType = text; path = SyncArduinoClock.pde; sourceTree = "<group>"; };
		9DCC767C1589A3D300564CB8 /* TimeGPS.pde */ = {isa = PBXFileReference; fileEncoding = 4; lastKnownFileType = text; path = TimeGPS.pde; sourceTree = "<group>"; };
		9DCC767E1589A3D300564CB8 /* TimeNTP.pde */ = {isa = PBXFileReference; fileEncoding = 4; lastKnownFileType = text; path = TimeNTP.pde; sourceTree = "<group>"; };
		9DCC76801589A3D300564CB8 /* TimeRTC.pde */ = {isa = PBXFileReference; fileEncoding = 4; lastKnownFileType = text; path = TimeRTC.pde; sourceTree = "<group>"; };
		9DCC76821589A3D300564CB8 /* TimeRTCLog.pde */ = {isa = PBXFileReference; fileEncoding = 4; lastKnownFileType = text; path = TimeRTCLog.pde; sourceTree = "<group>"; };
		9DCC76841589A3D300564CB8 /* TimeRTCSet.pde */ = {isa = PBXFileReference; fileEncoding = 4; lastKnownFileType = text; path = TimeRTCSet.pde; sourceTree = "<group>"; };
		9DCC76861589A3D300564CB8 /* TimeSerial.pde */ = {isa = PBXFileReference; fileEncoding = 4; lastKnownFileType = text; path = TimeSerial.pde; sourceTree = "<group>"; };
		9DCC76881589A3D300564CB8 /* TimeSerialDateStrings.pde */ = {isa = PBXFileReference; fileEncoding = 4; lastKnownFileType = text; path = TimeSerialDateStrings.pde; sourceTree = "<group>"; };
		9DCC76891589A3D300564CB8 /* keywords.txt */ = {isa = PBXFileReference; fileEncoding = 4; lastKnownFileType = text; path = keywords.txt; sourceTree = "<group>"; };
		9DCC768A1589A3D300564CB8 /* Readme.txt */ = {isa = PBXFileReference; fileEncoding = 4; lastKnownFileType = text; path = Readme.txt; sourceTree = "<group>"; };
		9DCC768B1589A3D300564CB8 /* Time.cpp */ = {isa = PBXFileReference; fileEncoding = 4; lastKnownFileType = sourcecode.cpp.cpp; path = Time.cpp; sourceTree = "<group>"; };
		9DCC768C1589A3D300564CB8 /* Time.h */ = {isa = PBXFileReference; fileEncoding = 4; lastKnownFileType = sourcecode.c.h; path = Time.h; sourceTree = "<group>"; };
		9DCC76901589A3D300564CB8 /* TimeAlarmExample.pde */ = {isa = PBXFileReference; fileEncoding = 4; lastKnownFileType = text; path = TimeAlarmExample.pde; sourceTree = "<group>"; };
		9DCC76911589A3D300564CB8 /* keywords.txt */ = {isa = PBXFileReference; fileEncoding = 4; lastKnownFileType = text; path = keywords.txt; sourceTree = "<group>"; };
		9DCC76921589A3D300564CB8 /* readme.txt */ = {isa = PBXFileReference; fileEncoding = 4; lastKnownFileType = text; path = readme.txt; sourceTree = "<group>"; };
		9DCC76931589A3D300564CB8 /* TimeAlarms.cpp */ = {isa = PBXFileReference; fileEncoding = 4; lastKnownFileType = sourcecode.cpp.cpp; path = TimeAlarms.cpp; sourceTree = "<group>"; };
		9DCC76941589A3D300564CB8 /* TimeAlarms.h */ = {isa = PBXFileReference; fileEncoding = 4; lastKnownFileType = sourcecode.c.h; path = TimeAlarms.h; sourceTree = "<group>"; };
/* End PBXFileReference section */

/* Begin PBXGroup section */
		9D5200D61650691D00F3BF4E /* UTFT */ = {
			isa = PBXGroup;
			children = (
				9D5200C61650691000F3BF4E /* DefaultFonts.c */,
				9D5200C71650691000F3BF4E /* HW_AVR_defines.h */,
				9D5200C81650691000F3BF4E /* HW_AVR.h */,
				9D5200C91650691000F3BF4E /* HW_PIC32_defines.h */,
				9D5200CA1650691000F3BF4E /* HW_PIC32.h */,
				9D5200CB1650691000F3BF4E /* memorysaver.h */,
				9D5200CC1650691000F3BF4E /* UTFT.cpp */,
				9D5200CD1650691000F3BF4E /* UTFT.h */,
			);
			name = UTFT;
			path = ../../../Projects/Arduino/BMSDisplay;
			sourceTree = "<group>";
		};
		9D520125165341F100F3BF4E /* Adafruit-GFX-Library */ = {
			isa = PBXGroup;
			children = (
				9D520126165341F100F3BF4E /* Adafruit_GFX.cpp */,
				9D520127165341F100F3BF4E /* Adafruit_GFX.h */,
				9D520128165341F100F3BF4E /* glcdfont.c */,
				9D520129165341F100F3BF4E /* license.txt */,
				9D52012A165341F100F3BF4E /* README.txt */,
			);
			path = "Adafruit-GFX-Library";
			sourceTree = "<group>";
		};
		9D77CB94158999490089EB0A = {
			isa = PBXGroup;
			children = (
				9DCC75F61589A3D300564CB8 /* Libraries */,
				9D52011E1650A17F00F3BF4E /* SPI.cpp */,
				9D52011F1650A17F00F3BF4E /* SPI.h */,
				9D77CBA71589994A0089EB0A /* BMSDisplay */,
				9D77CB9E1589994A0089EB0A /* Products */,
			);
			sourceTree = "<group>";
		};
		9D77CB9E1589994A0089EB0A /* Products */ = {
			isa = PBXGroup;
			children = (
				9D77CB9D1589994A0089EB0A /* Index */,
			);
			name = Products;
			sourceTree = "<group>";
		};
		9D77CBA71589994A0089EB0A /* BMSDisplay */ = {
			isa = PBXGroup;
			children = (
				9D5201221653405100F3BF4E /* CorbGraphics.cpp */,
				9D5201231653405100F3BF4E /* CorbGraphics.h */,
				9D77CBA81589994A0089EB0A /* main.cpp */,
				9D77CBAA1589994A0089EB0A /* BMSDisplay.cpp */,
				9D77CBAB1589994A0089EB0A /* LocalLibrary.h */,
				9D77CBAC1589994A0089EB0A /* LocalLibrary.cpp */,
				9D77CDDC1589994B0089EB0A /* Makefile */,
				9D77CDD21589994B0089EB0A /* Config */,
				9D77CDDD1589994B0089EB0A /* Makefiles */,
			);
			path = BMSDisplay;
			sourceTree = "<group>";
		};
		9D77CDD21589994B0089EB0A /* Config */ = {
			isa = PBXGroup;
			children = (
				9D5200B7164DB6CB00F3BF4E /* Arduino Leonardo.xcconfig */,
				9D77CDD31589994B0089EB0A /* Arduino mega2560.xcconfig */,
				9D77CDD41589994B0089EB0A /* Arduino mini pro.xcconfig */,
				9D77CDD51589994B0089EB0A /* Arduino UNO.xcconfig */,
				9D77CDD61589994B0089EB0A /* chipKIT UNO32.xcconfig */,
				9D77CDD71589994B0089EB0A /* LaunchPad with msp430g2231.xcconfig */,
				9D77CDD81589994B0089EB0A /* LaunchPad with msp430g2452.xcconfig */,
				9D77CDD91589994B0089EB0A /* LaunchPad with msp430g2553.xcconfig */,
				9D77CDDA1589994B0089EB0A /* Sparkfun UNO.xcconfig */,
				9D77CDDB1589994B0089EB0A /* Wiring S.xcconfig */,
			);
			name = Config;
			sourceTree = "<group>";
		};
		9D77CDDD1589994B0089EB0A /* Makefiles */ = {
			isa = PBXGroup;
			children = (
				9D77CDDE1589994B0089EB0A /* Step1.mk */,
				9D77CDDF1589994B0089EB0A /* Step2.mk */,
				9D77CDE01589994B0089EB0A /* Arduino.mk */,
				9D77CDE11589994B0089EB0A /* Arduino1.mk */,
				9D77CDE21589994B0089EB0A /* Arduino23.mk */,
				9D77CDE31589994B0089EB0A /* Energia.mk */,
				9D77CDE41589994B0089EB0A /* Mpide.mk */,
				9D77CDE51589994B0089EB0A /* Wiring.mk */,
				9D77CDE61589994B0089EB0A /* Avrdude.mk */,
			);
			name = Makefiles;
			sourceTree = "<group>";
		};
		9DCC75F61589A3D300564CB8 /* Libraries */ = {
			isa = PBXGroup;
			children = (
				9D5200D61650691D00F3BF4E /* UTFT */,
				9D520125165341F100F3BF4E /* Adafruit-GFX-Library */,
				9DCC75FD1589A3D300564CB8 /* Adafruit_HX8340B */,
				9DCC76091589A3D300564CB8 /* Adafruit_MCP23017 */,
				9DCC76141589A3D300564CB8 /* Adafruit_RGB_LCD_Shield_Library */,
				9DCC761F1589A3D300564CB8 /* Canbus */,
				9DCC76351589A3D300564CB8 /* Menu */,
				9DCC76461589A3D300564CB8 /* RTClib */,
				9DCC76511589A3D300564CB8 /* SD */,
				9DCC766D1589A3D300564CB8 /* Time */,
			);
			name = Libraries;
			path = ../../../Documents/Arduino/Libraries;
			sourceTree = "<group>";
		};
		9DCC75FD1589A3D300564CB8 /* Adafruit_HX8340B */ = {
			isa = PBXGroup;
			children = (
				9DCC75FE1589A3D300564CB8 /* Adafruit_HX8340B.cpp */,
				9DCC75FF1589A3D300564CB8 /* Adafruit_HX8340B.h */,
				9DCC76001589A3D300564CB8 /* examples */,
				9DCC76071589A3D300564CB8 /* license.txt */,
				9DCC76081589A3D300564CB8 /* README.txt */,
			);
			path = Adafruit_HX8340B;
			sourceTree = "<group>";
		};
		9DCC76001589A3D300564CB8 /* examples */ = {
			isa = PBXGroup;
			children = (
				9DCC76011589A3D300564CB8 /* hx8340b */,
				9DCC76031589A3D300564CB8 /* hx8340bmp */,
			);
			path = examples;
			sourceTree = "<group>";
		};
		9DCC76011589A3D300564CB8 /* hx8340b */ = {
			isa = PBXGroup;
			children = (
				9DCC76021589A3D300564CB8 /* hx8340b.pde */,
			);
			path = hx8340b;
			sourceTree = "<group>";
		};
		9DCC76031589A3D300564CB8 /* hx8340bmp */ = {
			isa = PBXGroup;
			children = (
				9DCC76041589A3D300564CB8 /* hx8340bmp.pde */,
				9DCC76051589A3D300564CB8 /* lilypad.bmp */,
				9DCC76061589A3D300564CB8 /* rose.bmp */,
			);
			path = hx8340bmp;
			sourceTree = "<group>";
		};
		9DCC76091589A3D300564CB8 /* Adafruit_MCP23017 */ = {
			isa = PBXGroup;
			children = (
				9DCC760A1589A3D300564CB8 /* Adafruit_MCP23017.cpp */,
				9DCC760B1589A3D300564CB8 /* Adafruit_MCP23017.h */,
				9DCC760C1589A3D300564CB8 /* examples */,
				9DCC76111589A3D300564CB8 /* keywords.txt */,
				9DCC76121589A3D300564CB8 /* license.txt */,
				9DCC76131589A3D300564CB8 /* README.txt */,
			);
			path = Adafruit_MCP23017;
			sourceTree = "<group>";
		};
		9DCC760C1589A3D300564CB8 /* examples */ = {
			isa = PBXGroup;
			children = (
				9DCC760D1589A3D300564CB8 /* button */,
				9DCC760F1589A3D300564CB8 /* toggle */,
			);
			path = examples;
			sourceTree = "<group>";
		};
		9DCC760D1589A3D300564CB8 /* button */ = {
			isa = PBXGroup;
			children = (
				9DCC760E1589A3D300564CB8 /* button.pde */,
			);
			path = button;
			sourceTree = "<group>";
		};
		9DCC760F1589A3D300564CB8 /* toggle */ = {
			isa = PBXGroup;
			children = (
				9DCC76101589A3D300564CB8 /* toggle.pde */,
			);
			path = toggle;
			sourceTree = "<group>";
		};
		9DCC76141589A3D300564CB8 /* Adafruit_RGB_LCD_Shield_Library */ = {
			isa = PBXGroup;
			children = (
				9DCC76151589A3D300564CB8 /* Adafruit_MCP23017.cpp */,
				9DCC76161589A3D300564CB8 /* Adafruit_MCP23017.h */,
				9DCC76171589A3D300564CB8 /* Adafruit_RGBLCDShield.cpp */,
				9DCC76181589A3D300564CB8 /* Adafruit_RGBLCDShield.h */,
				9DCC76191589A3D300564CB8 /* examples */,
				9DCC761C1589A3D300564CB8 /* keywords.txt */,
				9DCC761D1589A3D300564CB8 /* license.txt */,
				9DCC761E1589A3D300564CB8 /* README.md */,
			);
			path = Adafruit_RGB_LCD_Shield_Library;
			sourceTree = "<group>";
		};
		9DCC76191589A3D300564CB8 /* examples */ = {
			isa = PBXGroup;
			children = (
				9DCC761A1589A3D300564CB8 /* HelloWorld */,
			);
			path = examples;
			sourceTree = "<group>";
		};
		9DCC761A1589A3D300564CB8 /* HelloWorld */ = {
			isa = PBXGroup;
			children = (
				9DCC761B1589A3D300564CB8 /* HelloWorld.pde */,
			);
			path = HelloWorld;
			sourceTree = "<group>";
		};
		9DCC761F1589A3D300564CB8 /* Canbus */ = {
			isa = PBXGroup;
			children = (
				9DCC76201589A3D300564CB8 /* Canbus.cpp */,
				9DCC76211589A3D300564CB8 /* Canbus.h */,
				9DCC76221589A3D300564CB8 /* defaults.h */,
				9DCC76231589A3D300564CB8 /* examples */,
				9DCC76261589A3D300564CB8 /* global.h */,
				9DCC76271589A3D300564CB8 /* keywords.txt */,
				9DCC76281589A3D300564CB8 /* mcp2515.c */,
				9DCC76291589A3D300564CB8 /* mcp2515.h */,
				9DCC762A1589A3D300564CB8 /* mcp2515_defs.h */,
				9DCC762B1589A3D300564CB8 /* mcp2515_demo */,
			);
			path = Canbus;
			sourceTree = "<group>";
		};
		9DCC76231589A3D300564CB8 /* examples */ = {
			isa = PBXGroup;
			children = (
				9DCC76241589A3D300564CB8 /* ecu_reader_logger */,
			);
			path = examples;
			sourceTree = "<group>";
		};
		9DCC76241589A3D300564CB8 /* ecu_reader_logger */ = {
			isa = PBXGroup;
			children = (
				9DCC76251589A3D300564CB8 /* ecu_reader_logger.ino */,
			);
			path = ecu_reader_logger;
			sourceTree = "<group>";
		};
		9DCC762B1589A3D300564CB8 /* mcp2515_demo */ = {
			isa = PBXGroup;
			children = (
				9DCC762C1589A3D300564CB8 /* defaults.h */,
				9DCC762D1589A3D300564CB8 /* global.h */,
				9DCC762E1589A3D300564CB8 /* main.c */,
				9DCC762F1589A3D300564CB8 /* makefile */,
				9DCC76301589A3D300564CB8 /* mcp2515.c */,
				9DCC76311589A3D300564CB8 /* mcp2515.h */,
				9DCC76321589A3D300564CB8 /* mcp2515_defs.h */,
				9DCC76331589A3D300564CB8 /* uart.c */,
				9DCC76341589A3D300564CB8 /* uart.h */,
			);
			path = mcp2515_demo;
			sourceTree = "<group>";
		};
		9DCC76351589A3D300564CB8 /* Menu */ = {
			isa = PBXGroup;
			children = (
				9DCC76361589A3D300564CB8 /* Examples */,
				9DCC76391589A3D300564CB8 /* interfaces */,
				9DCC763D1589A3D300564CB8 /* keywords.txt */,
				9DCC763E1589A3D300564CB8 /* Menu.cpp */,
				9DCC763F1589A3D300564CB8 /* Menu.h */,
				9DCC76401589A3D300564CB8 /* MenuItem.cpp */,
				9DCC76411589A3D300564CB8 /* MenuItem.h */,
				9DCC76421589A3D300564CB8 /* SubMenu.cpp */,
				9DCC76431589A3D300564CB8 /* SubMenu.h */,
				9DCC76441589A3D300564CB8 /* SubMenuItem.cpp */,
				9DCC76451589A3D300564CB8 /* SubMenuItem.h */,
			);
			path = Menu;
			sourceTree = "<group>";
		};
		9DCC76361589A3D300564CB8 /* Examples */ = {
			isa = PBXGroup;
			children = (
				9DCC76371589A3D300564CB8 /* SerialMenu */,
			);
			path = Examples;
			sourceTree = "<group>";
		};
		9DCC76371589A3D300564CB8 /* SerialMenu */ = {
			isa = PBXGroup;
			children = (
				9DCC76381589A3D300564CB8 /* SerialMenu.pde */,
			);
			path = SerialMenu;
			sourceTree = "<group>";
		};
		9DCC76391589A3D300564CB8 /* interfaces */ = {
			isa = PBXGroup;
			children = (
				9DCC763A1589A3D300564CB8 /* MenuInterface.h */,
				9DCC763B1589A3D300564CB8 /* MenuItemInterface.h */,
				9DCC763C1589A3D300564CB8 /* SubMenuInterface.h */,
			);
			path = interfaces;
			sourceTree = "<group>";
		};
		9DCC76461589A3D300564CB8 /* RTClib */ = {
			isa = PBXGroup;
			children = (
				9DCC76471589A3D300564CB8 /* examples */,
				9DCC764E1589A3D300564CB8 /* keywords.txt */,
				9DCC764F1589A3D300564CB8 /* RTClib.cpp */,
				9DCC76501589A3D300564CB8 /* RTClib.h */,
			);
			path = RTClib;
			sourceTree = "<group>";
		};
		9DCC76471589A3D300564CB8 /* examples */ = {
			isa = PBXGroup;
			children = (
				9DCC76481589A3D300564CB8 /* datecalc */,
				9DCC764A1589A3D300564CB8 /* ds1307 */,
				9DCC764C1589A3D300564CB8 /* softrtc */,
			);
			path = examples;
			sourceTree = "<group>";
		};
		9DCC76481589A3D300564CB8 /* datecalc */ = {
			isa = PBXGroup;
			children = (
				9DCC76491589A3D300564CB8 /* datecalc.pde */,
			);
			path = datecalc;
			sourceTree = "<group>";
		};
		9DCC764A1589A3D300564CB8 /* ds1307 */ = {
			isa = PBXGroup;
			children = (
				9DCC764B1589A3D300564CB8 /* ds1307.pde */,
			);
			path = ds1307;
			sourceTree = "<group>";
		};
		9DCC764C1589A3D300564CB8 /* softrtc */ = {
			isa = PBXGroup;
			children = (
				9DCC764D1589A3D300564CB8 /* softrtc.pde */,
			);
			path = softrtc;
			sourceTree = "<group>";
		};
		9DCC76511589A3D300564CB8 /* SD */ = {
			isa = PBXGroup;
			children = (
				9DCC76521589A3D300564CB8 /* examples */,
				9DCC765D1589A3D300564CB8 /* File.cpp */,
				9DCC765E1589A3D300564CB8 /* keywords.txt */,
				9DCC765F1589A3D300564CB8 /* README.txt */,
				9DCC76601589A3D300564CB8 /* SD.cpp */,
				9DCC76611589A3D300564CB8 /* SD.h */,
				9DCC76621589A3D300564CB8 /* utility */,
			);
			path = SD;
			sourceTree = "<group>";
		};
		9DCC76521589A3D300564CB8 /* examples */ = {
			isa = PBXGroup;
			children = (
				9DCC76531589A3D300564CB8 /* CardInfo */,
				9DCC76551589A3D300564CB8 /* Datalogger */,
				9DCC76571589A3D300564CB8 /* Files */,
				9DCC76591589A3D300564CB8 /* listfiles */,
				9DCC765B1589A3D300564CB8 /* ReadWrite */,
			);
			path = examples;
			sourceTree = "<group>";
		};
		9DCC76531589A3D300564CB8 /* CardInfo */ = {
			isa = PBXGroup;
			children = (
				9DCC76541589A3D300564CB8 /* CardInfo.pde */,
			);
			path = CardInfo;
			sourceTree = "<group>";
		};
		9DCC76551589A3D300564CB8 /* Datalogger */ = {
			isa = PBXGroup;
			children = (
				9DCC76561589A3D300564CB8 /* Datalogger.pde */,
			);
			path = Datalogger;
			sourceTree = "<group>";
		};
		9DCC76571589A3D300564CB8 /* Files */ = {
			isa = PBXGroup;
			children = (
				9DCC76581589A3D300564CB8 /* Files.pde */,
			);
			path = Files;
			sourceTree = "<group>";
		};
		9DCC76591589A3D300564CB8 /* listfiles */ = {
			isa = PBXGroup;
			children = (
				9DCC765A1589A3D300564CB8 /* listfiles.pde */,
			);
			path = listfiles;
			sourceTree = "<group>";
		};
		9DCC765B1589A3D300564CB8 /* ReadWrite */ = {
			isa = PBXGroup;
			children = (
				9DCC765C1589A3D300564CB8 /* ReadWrite.pde */,
			);
			path = ReadWrite;
			sourceTree = "<group>";
		};
		9DCC76621589A3D300564CB8 /* utility */ = {
			isa = PBXGroup;
			children = (
				9DCC76631589A3D300564CB8 /* FatStructs.h */,
				9DCC76641589A3D300564CB8 /* Sd2Card.cpp */,
				9DCC76651589A3D300564CB8 /* Sd2Card.h */,
				9DCC76661589A3D300564CB8 /* Sd2PinMap.h */,
				9DCC76671589A3D300564CB8 /* SdFat.h */,
				9DCC76681589A3D300564CB8 /* SdFatmainpage.h */,
				9DCC76691589A3D300564CB8 /* SdFatUtil.h */,
				9DCC766A1589A3D300564CB8 /* SdFile.cpp */,
				9DCC766B1589A3D300564CB8 /* SdInfo.h */,
				9DCC766C1589A3D300564CB8 /* SdVolume.cpp */,
			);
			path = utility;
			sourceTree = "<group>";
		};
		9DCC766D1589A3D300564CB8 /* Time */ = {
			isa = PBXGroup;
			children = (
				9DCC766E1589A3D300564CB8 /* DS1307RTC */,
				9DCC76731589A3D300564CB8 /* release_notes.txt */,
				9DCC76741589A3D300564CB8 /* Time */,
				9DCC768D1589A3D300564CB8 /* TimeAlarms */,
			);
			path = Time;
			sourceTree = "<group>";
		};
		9DCC766E1589A3D300564CB8 /* DS1307RTC */ = {
			isa = PBXGroup;
			children = (
				9DCC766F1589A3D300564CB8 /* DS1307RTC.cpp */,
				9DCC76701589A3D300564CB8 /* DS1307RTC.h */,
				9DCC76711589A3D300564CB8 /* keywords.txt */,
				9DCC76721589A3D300564CB8 /* readme.txt */,
			);
			path = DS1307RTC;
			sourceTree = "<group>";
		};
		9DCC76741589A3D300564CB8 /* Time */ = {
			isa = PBXGroup;
			children = (
				9DCC76751589A3D300564CB8 /* DateStrings.cpp */,
				9DCC76761589A3D300564CB8 /* Examples */,
				9DCC76891589A3D300564CB8 /* keywords.txt */,
				9DCC768A1589A3D300564CB8 /* Readme.txt */,
				9DCC768B1589A3D300564CB8 /* Time.cpp */,
				9DCC768C1589A3D300564CB8 /* Time.h */,
			);
			path = Time;
			sourceTree = "<group>";
		};
		9DCC76761589A3D300564CB8 /* Examples */ = {
			isa = PBXGroup;
			children = (
				9DCC76771589A3D300564CB8 /* Processing */,
				9DCC767B1589A3D300564CB8 /* TimeGPS */,
				9DCC767D1589A3D300564CB8 /* TimeNTP */,
				9DCC767F1589A3D300564CB8 /* TimeRTC */,
				9DCC76811589A3D300564CB8 /* TimeRTCLog */,
				9DCC76831589A3D300564CB8 /* TimeRTCSet */,
				9DCC76851589A3D300564CB8 /* TimeSerial */,
				9DCC76871589A3D300564CB8 /* TimeSerialDateStrings */,
			);
			path = Examples;
			sourceTree = "<group>";
		};
		9DCC76771589A3D300564CB8 /* Processing */ = {
			isa = PBXGroup;
			children = (
				9DCC76781589A3D300564CB8 /* SyncArduinoClock */,
			);
			path = Processing;
			sourceTree = "<group>";
		};
		9DCC76781589A3D300564CB8 /* SyncArduinoClock */ = {
			isa = PBXGroup;
			children = (
				9DCC76791589A3D300564CB8 /* readme.txt */,
				9DCC767A1589A3D300564CB8 /* SyncArduinoClock.pde */,
			);
			path = SyncArduinoClock;
			sourceTree = "<group>";
		};
		9DCC767B1589A3D300564CB8 /* TimeGPS */ = {
			isa = PBXGroup;
			children = (
				9DCC767C1589A3D300564CB8 /* TimeGPS.pde */,
			);
			path = TimeGPS;
			sourceTree = "<group>";
		};
		9DCC767D1589A3D300564CB8 /* TimeNTP */ = {
			isa = PBXGroup;
			children = (
				9DCC767E1589A3D300564CB8 /* TimeNTP.pde */,
			);
			path = TimeNTP;
			sourceTree = "<group>";
		};
		9DCC767F1589A3D300564CB8 /* TimeRTC */ = {
			isa = PBXGroup;
			children = (
				9DCC76801589A3D300564CB8 /* TimeRTC.pde */,
			);
			path = TimeRTC;
			sourceTree = "<group>";
		};
		9DCC76811589A3D300564CB8 /* TimeRTCLog */ = {
			isa = PBXGroup;
			children = (
				9DCC76821589A3D300564CB8 /* TimeRTCLog.pde */,
			);
			path = TimeRTCLog;
			sourceTree = "<group>";
		};
		9DCC76831589A3D300564CB8 /* TimeRTCSet */ = {
			isa = PBXGroup;
			children = (
				9DCC76841589A3D300564CB8 /* TimeRTCSet.pde */,
			);
			path = TimeRTCSet;
			sourceTree = "<group>";
		};
		9DCC76851589A3D300564CB8 /* TimeSerial */ = {
			isa = PBXGroup;
			children = (
				9DCC76861589A3D300564CB8 /* TimeSerial.pde */,
			);
			path = TimeSerial;
			sourceTree = "<group>";
		};
		9DCC76871589A3D300564CB8 /* TimeSerialDateStrings */ = {
			isa = PBXGroup;
			children = (
				9DCC76881589A3D300564CB8 /* TimeSerialDateStrings.pde */,
			);
			path = TimeSerialDateStrings;
			sourceTree = "<group>";
		};
		9DCC768D1589A3D300564CB8 /* TimeAlarms */ = {
			isa = PBXGroup;
			children = (
				9DCC768E1589A3D300564CB8 /* Examples */,
				9DCC76911589A3D300564CB8 /* keywords.txt */,
				9DCC76921589A3D300564CB8 /* readme.txt */,
				9DCC76931589A3D300564CB8 /* TimeAlarms.cpp */,
				9DCC76941589A3D300564CB8 /* TimeAlarms.h */,
			);
			path = TimeAlarms;
			sourceTree = "<group>";
		};
		9DCC768E1589A3D300564CB8 /* Examples */ = {
			isa = PBXGroup;
			children = (
				9DCC768F1589A3D300564CB8 /* TimeAlarmExample */,
			);
			path = Examples;
			sourceTree = "<group>";
		};
		9DCC768F1589A3D300564CB8 /* TimeAlarmExample */ = {
			isa = PBXGroup;
			children = (
				9DCC76901589A3D300564CB8 /* TimeAlarmExample.pde */,
			);
			path = TimeAlarmExample;
			sourceTree = "<group>";
		};
/* End PBXGroup section */

/* Begin PBXLegacyTarget section */
		9D77CBA01589994A0089EB0A /* Boards */ = {
			isa = PBXLegacyTarget;
			buildArgumentsString = "boards -C $(PROJECT)";
			buildConfigurationList = 9D77CDF31589994B0089EB0A /* Build configuration list for PBXLegacyTarget "Boards" */;
			buildPhases = (
			);
			buildToolPath = make;
			dependencies = (
			);
			name = Boards;
			passBuildSettingsInEnvironment = 1;
			productName = Boards;
		};
		9D77CBA11589994A0089EB0A /* All */ = {
			isa = PBXLegacyTarget;
			buildArgumentsString = "all -C $(PROJECT)";
			buildConfigurationList = 9D77CDF61589994B0089EB0A /* Build configuration list for PBXLegacyTarget "All" */;
			buildPhases = (
			);
			buildToolPath = make;
			dependencies = (
			);
			name = All;
			passBuildSettingsInEnvironment = 1;
			productName = All;
		};
		9D77CBA21589994A0089EB0A /* Serial */ = {
			isa = PBXLegacyTarget;
			buildArgumentsString = "serial -C $(PROJECT)";
			buildConfigurationList = 9D77CDF91589994B0089EB0A /* Build configuration list for PBXLegacyTarget "Serial" */;
			buildPhases = (
			);
			buildToolPath = make;
			dependencies = (
			);
			name = Serial;
			passBuildSettingsInEnvironment = 1;
			productName = Serial;
		};
		9D77CBA31589994A0089EB0A /* Upload */ = {
			isa = PBXLegacyTarget;
			buildArgumentsString = upload;
			buildConfigurationList = 9D77CDFC1589994B0089EB0A /* Build configuration list for PBXLegacyTarget "Upload" */;
			buildPhases = (
			);
			buildToolPath = make;
			buildWorkingDirectory = "$(PROJECT)";
			dependencies = (
			);
			name = Upload;
			passBuildSettingsInEnvironment = 1;
			productName = Upload;
		};
		9D77CBA41589994A0089EB0A /* Clean */ = {
			isa = PBXLegacyTarget;
			buildArgumentsString = "clean -C $(PROJECT)";
			buildConfigurationList = 9D77CDFF1589994B0089EB0A /* Build configuration list for PBXLegacyTarget "Clean" */;
			buildPhases = (
			);
			buildToolPath = make;
			buildWorkingDirectory = "$(PROJECT)";
			dependencies = (
			);
			name = Clean;
			passBuildSettingsInEnvironment = 1;
			productName = Clean;
		};
		9D77CBA51589994A0089EB0A /* Make */ = {
			isa = PBXLegacyTarget;
			buildArgumentsString = "make -C $(PROJECT)";
			buildConfigurationList = 9D77CE021589994B0089EB0A /* Build configuration list for PBXLegacyTarget "Make" */;
			buildPhases = (
			);
			buildToolPath = make;
			buildWorkingDirectory = "$(PROJECT)";
			dependencies = (
			);
			name = Make;
			passBuildSettingsInEnvironment = 1;
			productName = Make;
		};
		9D77CBA61589994A0089EB0A /* Build */ = {
			isa = PBXLegacyTarget;
			buildArgumentsString = build;
			buildConfigurationList = 9D77CE051589994B0089EB0A /* Build configuration list for PBXLegacyTarget "Build" */;
			buildPhases = (
			);
			buildToolPath = make;
			buildWorkingDirectory = "$(PROJECT)";
			dependencies = (
			);
			name = Build;
			passBuildSettingsInEnvironment = 1;
			productName = Build;
		};
/* End PBXLegacyTarget section */

/* Begin PBXNativeTarget section */
		9D77CB9C1589994A0089EB0A /* Index */ = {
			isa = PBXNativeTarget;
			buildConfigurationList = 9D77CDF01589994B0089EB0A /* Build configuration list for PBXNativeTarget "Index" */;
			buildPhases = (
				9D77CB9B1589994A0089EB0A /* Sources */,
			);
			buildRules = (
			);
			dependencies = (
			);
			name = Index;
			productName = Index;
			productReference = 9D77CB9D1589994A0089EB0A /* Index */;
			productType = "com.apple.product-type.tool";
		};
/* End PBXNativeTarget section */

/* Begin PBXProject section */
		9D77CB96158999490089EB0A /* Project object */ = {
			isa = PBXProject;
			attributes = {
				LastUpgradeCheck = 0430;
			};
			buildConfigurationList = 9D77CB99158999490089EB0A /* Build configuration list for PBXProject "BMSDisplay" */;
			compatibilityVersion = "Xcode 3.2";
			developmentRegion = English;
			hasScannedForEncodings = 0;
			knownRegions = (
				en,
			);
			mainGroup = 9D77CB94158999490089EB0A;
			productRefGroup = 9D77CB9E1589994A0089EB0A /* Products */;
			projectDirPath = "";
			projectRoot = "";
			targets = (
				9D77CB9C1589994A0089EB0A /* Index */,
				9D77CBA01589994A0089EB0A /* Boards */,
				9D77CBA11589994A0089EB0A /* All */,
				9D77CBA21589994A0089EB0A /* Serial */,
				9D77CBA31589994A0089EB0A /* Upload */,
				9D77CBA41589994A0089EB0A /* Clean */,
				9D77CBA51589994A0089EB0A /* Make */,
				9D77CBA61589994A0089EB0A /* Build */,
			);
		};
/* End PBXProject section */

/* Begin PBXSourcesBuildPhase section */
		9D77CB9B1589994A0089EB0A /* Sources */ = {
			isa = PBXSourcesBuildPhase;
			buildActionMask = 2147483647;
			files = (
				9D5201201650A17F00F3BF4E /* SPI.cpp in Sources */,
				9D5201211650A17F00F3BF4E /* SPI.h in Sources */,
				9D5200CE1650691000F3BF4E /* DefaultFonts.c in Sources */,
				9D5200CF1650691000F3BF4E /* HW_AVR_defines.h in Sources */,
				9D5200D01650691000F3BF4E /* HW_AVR.h in Sources */,
				9D5200D11650691000F3BF4E /* HW_PIC32_defines.h in Sources */,
				9D5200D21650691000F3BF4E /* HW_PIC32.h in Sources */,
				9D5200D31650691000F3BF4E /* memorysaver.h in Sources */,
				9D5200D41650691000F3BF4E /* UTFT.cpp in Sources */,
				9D5200D51650691000F3BF4E /* UTFT.h in Sources */,
				9DCC76B81589A41000564CB8 /* Canbus.h in Sources */,
				9DCC76B01589A40100564CB8 /* SD.h in Sources */,
				9DCC76B11589A40100564CB8 /* FatStructs.h in Sources */,
				9DCC76B21589A40100564CB8 /* Sd2Card.h in Sources */,
				9DCC76B31589A40100564CB8 /* Sd2PinMap.h in Sources */,
				9DCC76B41589A40100564CB8 /* SdFat.h in Sources */,
				9DCC76B51589A40100564CB8 /* SdFatmainpage.h in Sources */,
				9DCC76B61589A40100564CB8 /* SdFatUtil.h in Sources */,
				9DCC76B71589A40100564CB8 /* SdInfo.h in Sources */,
				9DCC753B1589A3A000564CB8 /* BMSDisplay.cpp in Sources */,
				9D77CBA91589994A0089EB0A /* main.cpp in Sources */,
				9D77CBAD1589994A0089EB0A /* LocalLibrary.cpp in Sources */,
				9DCC76971589A3D300564CB8 /* Adafruit_HX8340B.cpp in Sources */,
				9DCC76981589A3D300564CB8 /* Adafruit_MCP23017.cpp in Sources */,
				9DCC76991589A3D300564CB8 /* Adafruit_MCP23017.cpp in Sources */,
				9DCC769A1589A3D300564CB8 /* Adafruit_RGBLCDShield.cpp in Sources */,
				9DCC769B1589A3D300564CB8 /* Canbus.cpp in Sources */,
				9DCC769C1589A3D300564CB8 /* mcp2515.c in Sources */,
				9DCC769D1589A3D300564CB8 /* main.c in Sources */,
				9DCC76A01589A3D300564CB8 /* uart.c in Sources */,
				9DCC76A11589A3D300564CB8 /* Menu.cpp in Sources */,
				9DCC76A21589A3D300564CB8 /* MenuItem.cpp in Sources */,
				9DCC76A31589A3D300564CB8 /* SubMenu.cpp in Sources */,
				9DCC76A41589A3D300564CB8 /* SubMenuItem.cpp in Sources */,
				9DCC76A51589A3D300564CB8 /* RTClib.cpp in Sources */,
				9DCC76A61589A3D300564CB8 /* File.cpp in Sources */,
				9DCC76A71589A3D300564CB8 /* SD.cpp in Sources */,
				9DCC76A81589A3D300564CB8 /* Sd2Card.cpp in Sources */,
				9DCC76A91589A3D300564CB8 /* SdFile.cpp in Sources */,
				9DCC76AA1589A3D300564CB8 /* SdVolume.cpp in Sources */,
				9DCC76AB1589A3D300564CB8 /* DS1307RTC.cpp in Sources */,
				9DCC76AC1589A3D300564CB8 /* DateStrings.cpp in Sources */,
				9DCC76AD1589A3D300564CB8 /* Time.cpp in Sources */,
				9DCC76AE1589A3D300564CB8 /* TimeAlarms.cpp in Sources */,
				9D5201241653405100F3BF4E /* CorbGraphics.cpp in Sources */,
				9D52012B165341F100F3BF4E /* Adafruit_GFX.cpp in Sources */,
				9D52012C165341F100F3BF4E /* glcdfont.c in Sources */,
			);
			runOnlyForDeploymentPostprocessing = 0;
		};
/* End PBXSourcesBuildPhase section */

/* Begin XCBuildConfiguration section */
		9D77CDEE1589994B0089EB0A /* Debug */ = {
			isa = XCBuildConfiguration;
			baseConfigurationReference = 9D77CDD51589994B0089EB0A /* Arduino UNO.xcconfig */;
			buildSettings = {
				ALWAYS_SEARCH_USER_PATHS = NO;
				COPY_PHASE_STRIP = NO;
				GCC_C_LANGUAGE_STANDARD = gnu99;
				GCC_DYNAMIC_NO_PIC = NO;
				GCC_OPTIMIZATION_LEVEL = 0;
				GCC_PREPROCESSOR_DEFINITIONS = (
					"DEBUG=1",
					"$(inherited)",
				);
				GCC_SYMBOLS_PRIVATE_EXTERN = NO;
				GCC_WARN_ABOUT_RETURN_TYPE = YES;
				GCC_WARN_UNINITIALIZED_AUTOS = YES;
				GCC_WARN_UNUSED_VARIABLE = YES;
				PATH = "$(PATH):$(PROJECT_DIR)";
				PRODUCT_NAME = "$(TARGET_NAME)";
				SKETCHBOOK_DIR = /corbin/Documents/Arduino;
				SKETCH_EXTENSION = cpp;
			};
			name = Debug;
		};
		9D77CDEF1589994B0089EB0A /* Release */ = {
			isa = XCBuildConfiguration;
			buildSettings = {
				ALWAYS_SEARCH_USER_PATHS = NO;
				COPY_PHASE_STRIP = YES;
				GCC_C_LANGUAGE_STANDARD = gnu99;
				GCC_WARN_ABOUT_RETURN_TYPE = YES;
				GCC_WARN_UNINITIALIZED_AUTOS = YES;
				GCC_WARN_UNUSED_VARIABLE = YES;
				PATH = "$(PATH):$(PROJECT_DIR)";
				PRODUCT_NAME = "$(TARGET_NAME)";
				SKETCHBOOK_DIR = /corbin/Documents/Arduino;
				SKETCH_EXTENSION = cpp;
			};
			name = Release;
		};
		9D77CDF11589994B0089EB0A /* Debug */ = {
			isa = XCBuildConfiguration;
			baseConfigurationReference = 9D77CDD51589994B0089EB0A /* Arduino UNO.xcconfig */;
			buildSettings = {
				PRODUCT_NAME = "$(TARGET_NAME)";
			};
			name = Debug;
		};
		9D77CDF21589994B0089EB0A /* Release */ = {
			isa = XCBuildConfiguration;
			buildSettings = {
				PRODUCT_NAME = "$(TARGET_NAME)";
			};
			name = Release;
		};
		9D77CDF41589994B0089EB0A /* Debug */ = {
			isa = XCBuildConfiguration;
			baseConfigurationReference = 9D77CDD51589994B0089EB0A /* Arduino UNO.xcconfig */;
			buildSettings = {
			};
			name = Debug;
		};
		9D77CDF51589994B0089EB0A /* Release */ = {
			isa = XCBuildConfiguration;
			buildSettings = {
			};
			name = Release;
		};
		9D77CDF71589994B0089EB0A /* Debug */ = {
			isa = XCBuildConfiguration;
			baseConfigurationReference = 9D77CDD51589994B0089EB0A /* Arduino UNO.xcconfig */;
			buildSettings = {
			};
			name = Debug;
		};
		9D77CDF81589994B0089EB0A /* Release */ = {
			isa = XCBuildConfiguration;
			buildSettings = {
			};
			name = Release;
		};
		9D77CDFA1589994B0089EB0A /* Debug */ = {
			isa = XCBuildConfiguration;
			baseConfigurationReference = 9D77CDD51589994B0089EB0A /* Arduino UNO.xcconfig */;
			buildSettings = {
			};
			name = Debug;
		};
		9D77CDFB1589994B0089EB0A /* Release */ = {
			isa = XCBuildConfiguration;
			buildSettings = {
			};
			name = Release;
		};
		9D77CDFD1589994B0089EB0A /* Debug */ = {
			isa = XCBuildConfiguration;
			baseConfigurationReference = 9D77CDD51589994B0089EB0A /* Arduino UNO.xcconfig */;
			buildSettings = {
			};
			name = Debug;
		};
		9D77CDFE1589994B0089EB0A /* Release */ = {
			isa = XCBuildConfiguration;
			buildSettings = {
			};
			name = Release;
		};
		9D77CE001589994B0089EB0A /* Debug */ = {
			isa = XCBuildConfiguration;
			baseConfigurationReference = 9D77CDD51589994B0089EB0A /* Arduino UNO.xcconfig */;
			buildSettings = {
			};
			name = Debug;
		};
		9D77CE011589994B0089EB0A /* Release */ = {
			isa = XCBuildConfiguration;
			buildSettings = {
			};
			name = Release;
		};
		9D77CE031589994B0089EB0A /* Debug */ = {
			isa = XCBuildConfiguration;
			baseConfigurationReference = 9D77CDD51589994B0089EB0A /* Arduino UNO.xcconfig */;
			buildSettings = {
			};
			name = Debug;
		};
		9D77CE041589994B0089EB0A /* Release */ = {
			isa = XCBuildConfiguration;
			buildSettings = {
			};
			name = Release;
		};
		9D77CE061589994B0089EB0A /* Debug */ = {
			isa = XCBuildConfiguration;
			baseConfigurationReference = 9D77CDD51589994B0089EB0A /* Arduino UNO.xcconfig */;
			buildSettings = {
			};
			name = Debug;
		};
		9D77CE071589994B0089EB0A /* Release */ = {
			isa = XCBuildConfiguration;
			buildSettings = {
			};
			name = Release;
		};
/* End XCBuildConfiguration section */

/* Begin XCConfigurationList section */
		9D77CB99158999490089EB0A /* Build configuration list for PBXProject "BMSDisplay" */ = {
			isa = XCConfigurationList;
			buildConfigurations = (
				9D77CDEE1589994B0089EB0A /* Debug */,
				9D77CDEF1589994B0089EB0A /* Release */,
			);
			defaultConfigurationIsVisible = 0;
			defaultConfigurationName = Release;
		};
		9D77CDF01589994B0089EB0A /* Build configuration list for PBXNativeTarget "Index" */ = {
			isa = XCConfigurationList;
			buildConfigurations = (
				9D77CDF11589994B0089EB0A /* Debug */,
				9D77CDF21589994B0089EB0A /* Release */,
			);
			defaultConfigurationIsVisible = 0;
			defaultConfigurationName = Release;
		};
		9D77CDF31589994B0089EB0A /* Build configuration list for PBXLegacyTarget "Boards" */ = {
			isa = XCConfigurationList;
			buildConfigurations = (
				9D77CDF41589994B0089EB0A /* Debug */,
				9D77CDF51589994B0089EB0A /* Release */,
			);
			defaultConfigurationIsVisible = 0;
			defaultConfigurationName = Release;
		};
		9D77CDF61589994B0089EB0A /* Build configuration list for PBXLegacyTarget "All" */ = {
			isa = XCConfigurationList;
			buildConfigurations = (
				9D77CDF71589994B0089EB0A /* Debug */,
				9D77CDF81589994B0089EB0A /* Release */,
			);
			defaultConfigurationIsVisible = 0;
			defaultConfigurationName = Release;
		};
		9D77CDF91589994B0089EB0A /* Build configuration list for PBXLegacyTarget "Serial" */ = {
			isa = XCConfigurationList;
			buildConfigurations = (
				9D77CDFA1589994B0089EB0A /* Debug */,
				9D77CDFB1589994B0089EB0A /* Release */,
			);
			defaultConfigurationIsVisible = 0;
			defaultConfigurationName = Release;
		};
		9D77CDFC1589994B0089EB0A /* Build configuration list for PBXLegacyTarget "Upload" */ = {
			isa = XCConfigurationList;
			buildConfigurations = (
				9D77CDFD1589994B0089EB0A /* Debug */,
				9D77CDFE1589994B0089EB0A /* Release */,
			);
			defaultConfigurationIsVisible = 0;
			defaultConfigurationName = Release;
		};
		9D77CDFF1589994B0089EB0A /* Build configuration list for PBXLegacyTarget "Clean" */ = {
			isa = XCConfigurationList;
			buildConfigurations = (
				9D77CE001589994B0089EB0A /* Debug */,
				9D77CE011589994B0089EB0A /* Release */,
			);
			defaultConfigurationIsVisible = 0;
			defaultConfigurationName = Release;
		};
		9D77CE021589994B0089EB0A /* Build configuration list for PBXLegacyTarget "Make" */ = {
			isa = XCConfigurationList;
			buildConfigurations = (
				9D77CE031589994B0089EB0A /* Debug */,
				9D77CE041589994B0089EB0A /* Release */,
			);
			defaultConfigurationIsVisible = 0;
			defaultConfigurationName = Release;
		};
		9D77CE051589994B0089EB0A /* Build configuration list for PBXLegacyTarget "Build" */ = {
			isa = XCConfigurationList;
			buildConfigurations = (
				9D77CE061589994B0089EB0A /* Debug */,
				9D77CE071589994B0089EB0A /* Release */,
			);
			defaultConfigurationIsVisible = 0;
			defaultConfigurationName = Release;
		};
/* End XCConfigurationList section */
	};
	rootObject = 9D77CB96158999490089EB0A /* Project object */;
}
